<Solution>
  <Project Path="Anchor.Domain.Tests/Anchor.Domain.Tests.csproj" />
  <Project Path="Anchor.Domain/Anchor.Domain.csproj" />
  <Project Path="Anchor.Infrastructure.Migrations.Tests/Anchor.Infrastructure.Migrations.Tests.csproj" />
  <Project Path="Anchor.Infrastructure.Tests/Anchor.Infrastructure.Tests.csproj" />
  <Project Path="Anchor.Infrastructure/Anchor.Infrastructure.csproj" />
  <Project Path="Anchor.Web.Tests/Anchor.Web.Tests.csproj" />
  <Project Path="Anchor.Web/Anchor.Web.csproj" />
</Solution>
